<?xml version="1.0" encoding="utf-8"?>
<Project ToolsVersion="4.0" xmlns="http://schemas.microsoft.com/developer/msbuild/2003">
  <ItemGroup>
    <Filter Include="Source Files">
      <UniqueIdentifier>{4FC737F1-C7A5-4376-A066-2A32D752A2FF}</UniqueIdentifier>
      <Extensions>cpp;c;cc;cxx;def;odl;idl;hpj;bat;asm;asmx</Extensions>
    </Filter>
    <Filter Include="Header Files">
      <UniqueIdentifier>{93995380-89BD-4b04-88EB-625FBE52EBFB}</UniqueIdentifier>
      <Extensions>h;hpp;hxx;hm;inl;inc;xsd</Extensions>
    </Filter>
    <Filter Include="Resource Files">
      <UniqueIdentifier>{67DA6AB6-F800-4c08-8B7A-83BB121AAD01}</UniqueIdentifier>
      <Extensions>rc;ico;cur;bmp;dlg;rc2;rct;bin;rgs;gif;jpg;jpeg;jpe;resx;tiff;tif;png;wav;mfcribbon-ms</Extensions>
    </Filter>
    <Filter Include="Script Files">
      <UniqueIdentifier>{e5a3a581-a222-471a-a126-bf136f9c380e}</UniqueIdentifier>
    </Filter>
    <Filter Include="Tabelas">
      <UniqueIdentifier>{914a9615-44a2-4799-b24f-f7aab1339fdf}</UniqueIdentifier>
    </Filter>
  </ItemGroup>
  <ItemGroup>
    <ClCompile Include="..\src\test_gra.c">
      <Filter>Source Files</Filter>
    </ClCompile>
    <ClCompile Include="..\src\grafo.c">
      <Filter>Source Files</Filter>
    </ClCompile>
    <ClCompile Include="..\src\lista.c">
      <Filter>Source Files</Filter>
    </ClCompile>
    <ClCompile Include="..\src\mem_manager.c">
      <Filter>Source Files</Filter>
    </ClCompile>
  </ItemGroup>
  <ItemGroup>
    <ClInclude Include="..\src\grafo.h">
      <Filter>Header Files</Filter>
    </ClInclude>
    <ClInclude Include="..\src\lista.h">
      <Filter>Header Files</Filter>
    </ClInclude>
    <ClInclude Include="..\src\mem_manager.h">
      <Filter>Header Files</Filter>
    </ClInclude>
  </ItemGroup>
  <ItemGroup>
    <None Include="..\src\teste_grafo.script">
      <Filter>Script Files</Filter>
    </None>
    <None Include="..\src\Grafo.count">
      <Filter>Script Files</Filter>
    </None>
    <None Include="..\src\IdTiposEspaco.def">
      <Filter>Tabelas</Filter>
    </None>
    <None Include="..\src\TiposEspacosGrafo.def">
      <Filter>Tabelas</Filter>
    </None>
    <None Include="..\src\teste-contador.script">
      <Filter>Script Files</Filter>
    </None>
    <None Include="..\src\teste_deturpa_grafo.script">
      <Filter>Script Files</Filter>
    </None>
    <None Include="..\src\teste_controle_espaco.script">
      <Filter>Script Files</Filter>
    </None>
  </ItemGroup>
  <ItemGroup>
    <Library Include="..\src\ArcaboucoTeste.lib" />
  </ItemGroup>
</Project>